
Microsoft Visual Studio Solution File, Format Version 12.00
# Visual Studio Version 16
VisualStudioVersion = 16.0.31911.196
MinimumVisualStudioVersion = 10.0.40219.1
Project("{FAE04EC0-301F-11D3-BF4B-00C04F79EFBC}") = "SAMS", "SAMS\SAMS.csproj", "{F1B07BF8-B4F0-44C9-BA91-1973DB53CBD4}"
EndProject
Global
	GlobalSection(SolutionConfigurationPlatforms) = preSolution
		Debug|Any CPU = Debug|Any CPU
		Release|Any CPU = Release|Any CPU
	EndGlobalSection
	GlobalSection(ProjectConfigurationPlatforms) = postSolution
		{F1B07BF8-B4F0-44C9-BA91-1973DB53CBD4}.Debug|Any CPU.ActiveCfg = Debug|Any CPU
		{F1B07BF8-B4F0-44C9-BA91-1973DB53CBD4}.Debug|Any CPU.Build.0 = Debug|Any CPU
		{F1B07BF8-B4F0-44C9-BA91-1973DB53CBD4}.Release|Any CPU.ActiveCfg = Release|Any CPU
		{F1B07BF8-B4F0-44C9-BA91-1973DB53CBD4}.Release|Any CPU.Build.0 = Release|Any CPU
	EndGlobalSection
	GlobalSection(SolutionProperties) = preSolution
		HideSolutionNode = FALSE
	EndGlobalSection
	GlobalSection(ExtensibilityGlobals) = postSolution
		SolutionGuid = {BF18F14C-4496-493A-9645-C7710DB1181E}
	EndGlobalSection
EndGlobal
